// !$*UTF8*$!
{
	archiveVersion = 1;
	classes = {
	};
	objectVersion = 46;
	objects = {

/* Begin PBXBuildFile section */
		F526E70E1DB6D18F00C53A0F /* AppDelegate.swift in Sources */ = {isa = PBXBuildFile; fileRef = F526E70D1DB6D18F00C53A0F /* AppDelegate.swift */; };
		F526E7101DB6D18F00C53A0F /* ViewController.swift in Sources */ = {isa = PBXBuildFile; fileRef = F526E70F1DB6D18F00C53A0F /* ViewController.swift */; };
		F526E7131DB6D18F00C53A0F /* Main.storyboard in Resources */ = {isa = PBXBuildFile; fileRef = F526E7111DB6D18F00C53A0F /* Main.storyboard */; };
		F526E7151DB6D18F00C53A0F /* Assets.xcassets in Resources */ = {isa = PBXBuildFile; fileRef = F526E7141DB6D18F00C53A0F /* Assets.xcassets */; };
		F526E7181DB6D18F00C53A0F /* LaunchScreen.storyboard in Resources */ = {isa = PBXBuildFile; fileRef = F526E7161DB6D18F00C53A0F /* LaunchScreen.storyboard */; };
		F526E7231DB6D18F00C53A0F /* MyPantryTests.swift in Sources */ = {isa = PBXBuildFile; fileRef = F526E7221DB6D18F00C53A0F /* MyPantryTests.swift */; };
		F526E72E1DB6D3CE00C53A0F /* PantryItem.swift in Sources */ = {isa = PBXBuildFile; fileRef = F526E72D1DB6D3CE00C53A0F /* PantryItem.swift */; };
		F526E72F1DB6D3CE00C53A0F /* PantryItem.swift in Sources */ = {isa = PBXBuildFile; fileRef = F526E72D1DB6D3CE00C53A0F /* PantryItem.swift */; };
		F526E7311DB6D58700C53A0F /* PantryItemTableViewCell.swift in Sources */ = {isa = PBXBuildFile; fileRef = F526E7301DB6D58700C53A0F /* PantryItemTableViewCell.swift */; };
		F526E7321DB6D58700C53A0F /* PantryItemTableViewCell.swift in Sources */ = {isa = PBXBuildFile; fileRef = F526E7301DB6D58700C53A0F /* PantryItemTableViewCell.swift */; };
		F526E7351DB6D7F400C53A0F /* PantryItemTableViewController.swift in Sources */ = {isa = PBXBuildFile; fileRef = F526E7331DB6D7F400C53A0F /* PantryItemTableViewController.swift */; };
		F526E7361DB6D7F400C53A0F /* PantryItemTableViewController.swift in Sources */ = {isa = PBXBuildFile; fileRef = F526E7331DB6D7F400C53A0F /* PantryItemTableViewController.swift */; };
		F526E7371DB6D7F400C53A0F /* PantryItemTableViewController.xib in Resources */ = {isa = PBXBuildFile; fileRef = F526E7341DB6D7F400C53A0F /* PantryItemTableViewController.xib */; };
		F526E7381DB6D7F400C53A0F /* PantryItemTableViewController.xib in Resources */ = {isa = PBXBuildFile; fileRef = F526E7341DB6D7F400C53A0F /* PantryItemTableViewController.xib */; };
/* End PBXBuildFile section */

/* Begin PBXContainerItemProxy section */
		F526E71F1DB6D18F00C53A0F /* PBXContainerItemProxy */ = {
			isa = PBXContainerItemProxy;
			containerPortal = F526E7021DB6D18F00C53A0F /* Project object */;
			proxyType = 1;
			remoteGlobalIDString = F526E7091DB6D18F00C53A0F;
			remoteInfo = MyPantry;
		};
/* End PBXContainerItemProxy section */

/* Begin PBXFileReference section */
		F526E70A1DB6D18F00C53A0F /* MyPantry.app */ = {isa = PBXFileReference; explicitFileType = wrapper.application; includeInIndex = 0; path = MyPantry.app; sourceTree = BUILT_PRODUCTS_DIR; };
		F526E70D1DB6D18F00C53A0F /* AppDelegate.swift */ = {isa = PBXFileReference; lastKnownFileType = sourcecode.swift; path = AppDelegate.swift; sourceTree = "<group>"; };
		F526E70F1DB6D18F00C53A0F /* ViewController.swift */ = {isa = PBXFileReference; lastKnownFileType = sourcecode.swift; path = ViewController.swift; sourceTree = "<group>"; };
		F526E7121DB6D18F00C53A0F /* Base */ = {isa = PBXFileReference; lastKnownFileType = file.storyboard; name = Base; path = Base.lproj/Main.storyboard; sourceTree = "<group>"; };
		F526E7141DB6D18F00C53A0F /* Assets.xcassets */ = {isa = PBXFileReference; lastKnownFileType = folder.assetcatalog; path = Assets.xcassets; sourceTree = "<group>"; };
		F526E7171DB6D18F00C53A0F /* Base */ = {isa = PBXFileReference; lastKnownFileType = file.storyboard; name = Base; path = Base.lproj/LaunchScreen.storyboard; sourceTree = "<group>"; };
		F526E7191DB6D18F00C53A0F /* Info.plist */ = {isa = PBXFileReference; lastKnownFileType = text.plist.xml; path = Info.plist; sourceTree = "<group>"; };
		F526E71E1DB6D18F00C53A0F /* MyPantryTests.xctest */ = {isa = PBXFileReference; explicitFileType = wrapper.cfbundle; includeInIndex = 0; path = MyPantryTests.xctest; sourceTree = BUILT_PRODUCTS_DIR; };
		F526E7221DB6D18F00C53A0F /* MyPantryTests.swift */ = {isa = PBXFileReference; lastKnownFileType = sourcecode.swift; path = MyPantryTests.swift; sourceTree = "<group>"; };
		F526E7241DB6D18F00C53A0F /* Info.plist */ = {isa = PBXFileReference; lastKnownFileType = text.plist.xml; path = Info.plist; sourceTree = "<group>"; };
		F526E72D1DB6D3CE00C53A0F /* PantryItem.swift */ = {isa = PBXFileReference; fileEncoding = 4; lastKnownFileType = sourcecode.swift; path = PantryItem.swift; sourceTree = "<group>"; };
		F526E7301DB6D58700C53A0F /* PantryItemTableViewCell.swift */ = {isa = PBXFileReference; fileEncoding = 4; lastKnownFileType = sourcecode.swift; path = PantryItemTableViewCell.swift; sourceTree = "<group>"; };
		F526E7331DB6D7F400C53A0F /* PantryItemTableViewController.swift */ = {isa = PBXFileReference; fileEncoding = 4; lastKnownFileType = sourcecode.swift; path = PantryItemTableViewController.swift; sourceTree = "<group>"; };
		F526E7341DB6D7F400C53A0F /* PantryItemTableViewController.xib */ = {isa = PBXFileReference; fileEncoding = 4; lastKnownFileType = file.xib; path = PantryItemTableViewController.xib; sourceTree = "<group>"; };
/* End PBXFileReference section */

/* Begin PBXFrameworksBuildPhase section */
		F526E7071DB6D18F00C53A0F /* Frameworks */ = {
			isa = PBXFrameworksBuildPhase;
			buildActionMask = 2147483647;
			files = (
			);
			runOnlyForDeploymentPostprocessing = 0;
		};
		F526E71B1DB6D18F00C53A0F /* Frameworks */ = {
			isa = PBXFrameworksBuildPhase;
			buildActionMask = 2147483647;
			files = (
			);
			runOnlyForDeploymentPostprocessing = 0;
		};
/* End PBXFrameworksBuildPhase section */

/* Begin PBXGroup section */
		F526E7011DB6D18F00C53A0F = {
			isa = PBXGroup;
			children = (
				F526E70C1DB6D18F00C53A0F /* MyPantry */,
				F526E7211DB6D18F00C53A0F /* MyPantryTests */,
				F526E70B1DB6D18F00C53A0F /* Products */,
			);
			sourceTree = "<group>";
		};
		F526E70B1DB6D18F00C53A0F /* Products */ = {
			isa = PBXGroup;
			children = (
				F526E70A1DB6D18F00C53A0F /* MyPantry.app */,
				F526E71E1DB6D18F00C53A0F /* MyPantryTests.xctest */,
			);
			name = Products;
			sourceTree = "<group>";
		};
		F526E70C1DB6D18F00C53A0F /* MyPantry */ = {
			isa = PBXGroup;
			children = (
				F526E70D1DB6D18F00C53A0F /* AppDelegate.swift */,
				F526E70F1DB6D18F00C53A0F /* ViewController.swift */,
				F526E7111DB6D18F00C53A0F /* Main.storyboard */,
				F526E72D1DB6D3CE00C53A0F /* PantryItem.swift */,
				F526E7301DB6D58700C53A0F /* PantryItemTableViewCell.swift */,
				F526E7141DB6D18F00C53A0F /* Assets.xcassets */,
				F526E7331DB6D7F400C53A0F /* PantryItemTableViewController.swift */,
				F526E7341DB6D7F400C53A0F /* PantryItemTableViewController.xib */,
				F526E7161DB6D18F00C53A0F /* LaunchScreen.storyboard */,
				F526E7191DB6D18F00C53A0F /* Info.plist */,
			);
			path = MyPantry;
			sourceTree = "<group>";
		};
		F526E7211DB6D18F00C53A0F /* MyPantryTests */ = {
			isa = PBXGroup;
			children = (
				F526E7221DB6D18F00C53A0F /* MyPantryTests.swift */,
				F526E7241DB6D18F00C53A0F /* Info.plist */,
			);
			path = MyPantryTests;
			sourceTree = "<group>";
		};
/* End PBXGroup section */

/* Begin PBXNativeTarget section */
		F526E7091DB6D18F00C53A0F /* MyPantry */ = {
			isa = PBXNativeTarget;
			buildConfigurationList = F526E7271DB6D18F00C53A0F /* Build configuration list for PBXNativeTarget "MyPantry" */;
			buildPhases = (
				F526E7061DB6D18F00C53A0F /* Sources */,
				F526E7071DB6D18F00C53A0F /* Frameworks */,
				F526E7081DB6D18F00C53A0F /* Resources */,
			);
			buildRules = (
			);
			dependencies = (
			);
			name = MyPantry;
			productName = MyPantry;
			productReference = F526E70A1DB6D18F00C53A0F /* MyPantry.app */;
			productType = "com.apple.product-type.application";
		};
		F526E71D1DB6D18F00C53A0F /* MyPantryTests */ = {
			isa = PBXNativeTarget;
			buildConfigurationList = F526E72A1DB6D18F00C53A0F /* Build configuration list for PBXNativeTarget "MyPantryTests" */;
			buildPhases = (
				F526E71A1DB6D18F00C53A0F /* Sources */,
				F526E71B1DB6D18F00C53A0F /* Frameworks */,
				F526E71C1DB6D18F00C53A0F /* Resources */,
			);
			buildRules = (
			);
			dependencies = (
				F526E7201DB6D18F00C53A0F /* PBXTargetDependency */,
			);
			name = MyPantryTests;
			productName = MyPantryTests;
			productReference = F526E71E1DB6D18F00C53A0F /* MyPantryTests.xctest */;
			productType = "com.apple.product-type.bundle.unit-test";
		};
/* End PBXNativeTarget section */

/* Begin PBXProject section */
		F526E7021DB6D18F00C53A0F /* Project object */ = {
			isa = PBXProject;
			attributes = {
				LastSwiftUpdateCheck = 0800;
				LastUpgradeCheck = 0800;
				ORGANIZATIONNAME = Joseph.McGovern;
				TargetAttributes = {
					F526E7091DB6D18F00C53A0F = {
						CreatedOnToolsVersion = 8.0;
						ProvisioningStyle = Automatic;
					};
					F526E71D1DB6D18F00C53A0F = {
						CreatedOnToolsVersion = 8.0;
						ProvisioningStyle = Automatic;
						TestTargetID = F526E7091DB6D18F00C53A0F;
					};
				};
			};
			buildConfigurationList = F526E7051DB6D18F00C53A0F /* Build configuration list for PBXProject "MyPantry" */;
			compatibilityVersion = "Xcode 3.2";
			developmentRegion = English;
			hasScannedForEncodings = 0;
			knownRegions = (
				en,
				Base,
			);
			mainGroup = F526E7011DB6D18F00C53A0F;
			productRefGroup = F526E70B1DB6D18F00C53A0F /* Products */;
			projectDirPath = "";
			projectRoot = "";
			targets = (
				F526E7091DB6D18F00C53A0F /* MyPantry */,
				F526E71D1DB6D18F00C53A0F /* MyPantryTests */,
			);
		};
/* End PBXProject section */

/* Begin PBXResourcesBuildPhase section */
		F526E7081DB6D18F00C53A0F /* Resources */ = {
			isa = PBXResourcesBuildPhase;
			buildActionMask = 2147483647;
			files = (
				F526E7181DB6D18F00C53A0F /* LaunchScreen.storyboard in Resources */,
				F526E7151DB6D18F00C53A0F /* Assets.xcassets in Resources */,
				F526E7371DB6D7F400C53A0F /* PantryItemTableViewController.xib in Resources */,
				F526E7131DB6D18F00C53A0F /* Main.storyboard in Resources */,
			);
			runOnlyForDeploymentPostprocessing = 0;
		};
		F526E71C1DB6D18F00C53A0F /* Resources */ = {
			isa = PBXResourcesBuildPhase;
			buildActionMask = 2147483647;
			files = (
				F526E7381DB6D7F400C53A0F /* PantryItemTableViewController.xib in Resources */,
			);
			runOnlyForDeploymentPostprocessing = 0;
		};
/* End PBXResourcesBuildPhase section */

/* Begin PBXSourcesBuildPhase section */
		F526E7061DB6D18F00C53A0F /* Sources */ = {
			isa = PBXSourcesBuildPhase;
			buildActionMask = 2147483647;
			files = (
				F526E7311DB6D58700C53A0F /* PantryItemTableViewCell.swift in Sources */,
				F526E7101DB6D18F00C53A0F /* ViewController.swift in Sources */,
				F526E70E1DB6D18F00C53A0F /* AppDelegate.swift in Sources */,
				F526E72E1DB6D3CE00C53A0F /* PantryItem.swift in Sources */,
				F526E7351DB6D7F400C53A0F /* PantryItemTableViewController.swift in Sources */,
			);
			runOnlyForDeploymentPostprocessing = 0;
		};
		F526E71A1DB6D18F00C53A0F /* Sources */ = {
			isa = PBXSourcesBuildPhase;
			buildActionMask = 2147483647;
			files = (
				F526E72F1DB6D3CE00C53A0F /* PantryItem.swift in Sources */,
				F526E7231DB6D18F00C53A0F /* MyPantryTests.swift in Sources */,
				F526E7361DB6D7F400C53A0F /* PantryItemTableViewController.swift in Sources */,
				F526E7321DB6D58700C53A0F /* PantryItemTableViewCell.swift in Sources */,
			);
			runOnlyForDeploymentPostprocessing = 0;
		};
/* End PBXSourcesBuildPhase section */

/* Begin PBXTargetDependency section */
		F526E7201DB6D18F00C53A0F /* PBXTargetDependency */ = {
			isa = PBXTargetDependency;
			target = F526E7091DB6D18F00C53A0F /* MyPantry */;
			targetProxy = F526E71F1DB6D18F00C53A0F /* PBXContainerItemProxy */;
		};
/* End PBXTargetDependency section */

/* Begin PBXVariantGroup section */
		F526E7111DB6D18F00C53A0F /* Main.storyboard */ = {
			isa = PBXVariantGroup;
			children = (
				F526E7121DB6D18F00C53A0F /* Base */,
			);
			name = Main.storyboard;
			sourceTree = "<group>";
		};
		F526E7161DB6D18F00C53A0F /* LaunchScreen.storyboard */ = {
			isa = PBXVariantGroup;
			children = (
				F526E7171DB6D18F00C53A0F /* Base */,
			);
			name = LaunchScreen.storyboard;
			sourceTree = "<group>";
		};
/* End PBXVariantGroup section */

/* Begin XCBuildConfiguration section */
		F526E7251DB6D18F00C53A0F /* Debug */ = {
			isa = XCBuildConfiguration;
			buildSettings = {
				ALWAYS_SEARCH_USER_PATHS = NO;
				CLANG_ANALYZER_NONNULL = YES;
				CLANG_CXX_LANGUAGE_STANDARD = "gnu++0x";
				CLANG_CXX_LIBRARY = "libc++";
				CLANG_ENABLE_MODULES = YES;
				CLANG_ENABLE_OBJC_ARC = YES;
				CLANG_WARN_BOOL_CONVERSION = YES;
				CLANG_WARN_CONSTANT_CONVERSION = YES;
				CLANG_WARN_DIRECT_OBJC_ISA_USAGE = YES_ERROR;
				CLANG_WARN_DOCUMENTATION_COMMENTS = YES;
				CLANG_WARN_EMPTY_BODY = YES;
				CLANG_WARN_ENUM_CONVERSION = YES;
				CLANG_WARN_INFINITE_RECURSION = YES;
				CLANG_WARN_INT_CONVERSION = YES;
				CLANG_WARN_OBJC_ROOT_CLASS = YES_ERROR;
				CLANG_WARN_SUSPICIOUS_MOVES = YES;
				CLANG_WARN_UNREACHABLE_CODE = YES;
				CLANG_WARN__DUPLICATE_METHOD_MATCH = YES;
				"CODE_SIGN_IDENTITY[sdk=iphoneos*]" = "iPhone Developer";
				COPY_PHASE_STRIP = NO;
				DEBUG_INFORMATION_FORMAT = dwarf;
				ENABLE_STRICT_OBJC_MSGSEND = YES;
				ENABLE_TESTABILITY = YES;
				GCC_C_LANGUAGE_STANDARD = gnu99;
				GCC_DYNAMIC_NO_PIC = NO;
				GCC_NO_COMMON_BLOCKS = YES;
				GCC_OPTIMIZATION_LEVEL = 0;
				GCC_PREPROCESSOR_DEFINITIONS = (
					"DEBUG=1",
					"$(inherited)",
				);
				GCC_WARN_64_TO_32_BIT_CONVERSION = YES;
				GCC_WARN_ABOUT_RETURN_TYPE = YES_ERROR;
				GCC_WARN_UNDECLARED_SELECTOR = YES;
				GCC_WARN_UNINITIALIZED_AUTOS = YES_AGGRESSIVE;
				GCC_WARN_UNUSED_FUNCTION = YES;
				GCC_WARN_UNUSED_VARIABLE = YES;
				IPHONEOS_DEPLOYMENT_TARGET = 10.0;
				MTL_ENABLE_DEBUG_INFO = YES;
				ONLY_ACTIVE_ARCH = YES;
				SDKROOT = iphoneos;
				SWIFT_ACTIVE_COMPILATION_CONDITIONS = DEBUG;
				SWIFT_OPTIMIZATION_LEVEL = "-Onone";
				TARGETED_DEVICE_FAMILY = "1,2";
			};
			name = Debug;
		};
		F526E7261DB6D18F00C53A0F /* Release */ = {
			isa = XCBuildConfiguration;
			buildSettings = {
				ALWAYS_SEARCH_USER_PATHS = NO;
				CLANG_ANALYZER_NONNULL = YES;
				CLANG_CXX_LANGUAGE_STANDARD = "gnu++0x";
				CLANG_CXX_LIBRARY = "libc++";
				CLANG_ENABLE_MODULES = YES;
				CLANG_ENABLE_OBJC_ARC = YES;
				CLANG_WARN_BOOL_CONVERSION = YES;
				CLANG_WARN_CONSTANT_CONVERSION = YES;
				CLANG_WARN_DIRECT_OBJC_ISA_USAGE = YES_ERROR;
				CLANG_WARN_DOCUMENTATION_COMMENTS = YES;
				CLANG_WARN_EMPTY_BODY = YES;
				CLANG_WARN_ENUM_CONVERSION = YES;
				CLANG_WARN_INFINITE_RECURSION = YES;
				CLANG_WARN_INT_CONVERSION = YES;
				CLANG_WARN_OBJC_ROOT_CLASS = YES_ERROR;
				CLANG_WARN_SUSPICIOUS_MOVES = YES;
				CLANG_WARN_UNREACHABLE_CODE = YES;
				CLANG_WARN__DUPLICATE_METHOD_MATCH = YES;
				"CODE_SIGN_IDENTITY[sdk=iphoneos*]" = "iPhone Developer";
				COPY_PHASE_STRIP = NO;
				DEBUG_INFORMATION_FORMAT = "dwarf-with-dsym";
				ENABLE_NS_ASSERTIONS = NO;
				ENABLE_STRICT_OBJC_MSGSEND = YES;
				GCC_C_LANGUAGE_STANDARD = gnu99;
				GCC_NO_COMMON_BLOCKS = YES;
				GCC_WARN_64_TO_32_BIT_CONVERSION = YES;
				GCC_WARN_ABOUT_RETURN_TYPE = YES_ERROR;
				GCC_WARN_UNDECLARED_SELECTOR = YES;
				GCC_WARN_UNINITIALIZED_AUTOS = YES_AGGRESSIVE;
				GCC_WARN_UNUSED_FUNCTION = YES;
				GCC_WARN_UNUSED_VARIABLE = YES;
				IPHONEOS_DEPLOYMENT_TARGET = 10.0;
				MTL_ENABLE_DEBUG_INFO = NO;
				SDKROOT = iphoneos;
				SWIFT_OPTIMIZATION_LEVEL = "-Owholemodule";
				TARGETED_DEVICE_FAMILY = "1,2";
				VALIDATE_PRODUCT = YES;
			};
			name = Release;
		};
		F526E7281DB6D18F00C53A0F /* Debug */ = {
			isa = XCBuildConfiguration;
			buildSettings = {
				ASSETCATALOG_COMPILER_APPICON_NAME = AppIcon;
				INFOPLIST_FILE = MyPantry/Info.plist;
				LD_RUNPATH_SEARCH_PATHS = "$(inherited) @executable_path/Frameworks";
				PRODUCT_BUNDLE_IDENTIFIER = com.example.MyPantry;
				PRODUCT_NAME = "$(TARGET_NAME)";
				SWIFT_VERSION = 3.0;
			};
			name = Debug;
		};
		F526E7291DB6D18F00C53A0F /* Release */ = {
			isa = XCBuildConfiguration;
			buildSettings = {
				ASSETCATALOG_COMPILER_APPICON_NAME = AppIcon;
				INFOPLIST_FILE = MyPantry/Info.plist;
				LD_RUNPATH_SEARCH_PATHS = "$(inherited) @executable_path/Frameworks";
				PRODUCT_BUNDLE_IDENTIFIER = com.example.MyPantry;
				PRODUCT_NAME = "$(TARGET_NAME)";
				SWIFT_VERSION = 3.0;
			};
			name = Release;
		};
		F526E72B1DB6D18F00C53A0F /* Debug */ = {
			isa = XCBuildConfiguration;
			buildSettings = {
				ALWAYS_EMBED_SWIFT_STANDARD_LIBRARIES = YES;
				BUNDLE_LOADER = "$(TEST_HOST)";
				INFOPLIST_FILE = MyPantryTests/Info.plist;
				LD_RUNPATH_SEARCH_PATHS = "$(inherited) @executable_path/Frameworks @loader_path/Frameworks";
				PRODUCT_BUNDLE_IDENTIFIER = com.example.MyPantryTests;
				PRODUCT_NAME = "$(TARGET_NAME)";
				SWIFT_VERSION = 3.0;
				TEST_HOST = "$(BUILT_PRODUCTS_DIR)/MyPantry.app/MyPantry";
			};
			name = Debug;
		};
		F526E72C1DB6D18F00C53A0F /* Release */ = {
			isa = XCBuildConfiguration;
			buildSettings = {
				ALWAYS_EMBED_SWIFT_STANDARD_LIBRARIES = YES;
				BUNDLE_LOADER = "$(TEST_HOST)";
				INFOPLIST_FILE = MyPantryTests/Info.plist;
				LD_RUNPATH_SEARCH_PATHS = "$(inherited) @executable_path/Frameworks @loader_path/Frameworks";
				PRODUCT_BUNDLE_IDENTIFIER = com.example.MyPantryTests;
				PRODUCT_NAME = "$(TARGET_NAME)";
				SWIFT_VERSION = 3.0;
				TEST_HOST = "$(BUILT_PRODUCTS_DIR)/MyPantry.app/MyPantry";
			};
			name = Release;
		};
/* End XCBuildConfiguration section */

/* Begin XCConfigurationList section */
		F526E7051DB6D18F00C53A0F /* Build configuration list for PBXProject "MyPantry" */ = {
			isa = XCConfigurationList;
			buildConfigurations = (
				F526E7251DB6D18F00C53A0F /* Debug */,
				F526E7261DB6D18F00C53A0F /* Release */,
			);
			defaultConfigurationIsVisible = 0;
			defaultConfigurationName = Release;
		};
		F526E7271DB6D18F00C53A0F /* Build configuration list for PBXNativeTarget "MyPantry" */ = {
			isa = XCConfigurationList;
			buildConfigurations = (
				F526E7281DB6D18F00C53A0F /* Debug */,
				F526E7291DB6D18F00C53A0F /* Release */,
			);
			defaultConfigurationIsVisible = 0;
		};
		F526E72A1DB6D18F00C53A0F /* Build configuration list for PBXNativeTarget "MyPantryTests" */ = {
			isa = XCConfigurationList;
			buildConfigurations = (
				F526E72B1DB6D18F00C53A0F /* Debug */,
				F526E72C1DB6D18F00C53A0F /* Release */,
			);
			defaultConfigurationIsVisible = 0;
		};
/* End XCConfigurationList section */
	};
	rootObject = F526E7021DB6D18F00C53A0F /* Project object */;
}
